// !$*UTF8*$!
{
	archiveVersion = 1;
	classes = {
	};
	objectVersion = 56;
	objects = {

/* Begin PBXBuildFile section */
		E630025E2B80A41900F522FF /* app_delegate.cpp in Sources */ = {isa = PBXBuildFile; fileRef = E630025C2B80A41900F522FF /* app_delegate.cpp */; };
		E69A5ECD2B6FA6AD00EF7A9D /* main.cpp in Sources */ = {isa = PBXBuildFile; fileRef = E69A5ECC2B6FA6AD00EF7A9D /* main.cpp */; };
		E69A5ED52B6FA98000EF7A9D /* MetalKit.framework in Frameworks */ = {isa = PBXBuildFile; fileRef = E69A5ED42B6FA98000EF7A9D /* MetalKit.framework */; };
		E69A5ED72B6FA98500EF7A9D /* AppKit.framework in Frameworks */ = {isa = PBXBuildFile; fileRef = E69A5ED62B6FA98500EF7A9D /* AppKit.framework */; };
		E69A5ED92B6FA99100EF7A9D /* Metal.framework in Frameworks */ = {isa = PBXBuildFile; fileRef = E69A5ED82B6FA99100EF7A9D /* Metal.framework */; };
		E69A5EE12B6FB32A00EF7A9D /* view_delegate.cpp in Sources */ = {isa = PBXBuildFile; fileRef = E69A5EDF2B6FB32A00EF7A9D /* view_delegate.cpp */; };
		E69A5EE72B6FB38500EF7A9D /* renderer.cpp in Sources */ = {isa = PBXBuildFile; fileRef = E69A5EE52B6FB38500EF7A9D /* renderer.cpp */; };
/* End PBXBuildFile section */

/* Begin PBXCopyFilesBuildPhase section */
		E69A5EC72B6FA6AD00EF7A9D /* CopyFiles */ = {
			isa = PBXCopyFilesBuildPhase;
			buildActionMask = 2147483647;
			dstPath = /usr/share/man/man1/;
			dstSubfolderSpec = 0;
			files = (
			);
			runOnlyForDeploymentPostprocessing = 1;
		};
/* End PBXCopyFilesBuildPhase section */

/* Begin PBXFileReference section */
		E630025C2B80A41900F522FF /* app_delegate.cpp */ = {isa = PBXFileReference; lastKnownFileType = sourcecode.cpp.cpp; path = app_delegate.cpp; sourceTree = "<group>"; };
		E630025D2B80A41900F522FF /* app_delegate.hpp */ = {isa = PBXFileReference; lastKnownFileType = sourcecode.cpp.h; path = app_delegate.hpp; sourceTree = "<group>"; };
		E630025F2B80AE7200F522FF /* Foundation.framework */ = {isa = PBXFileReference; lastKnownFileType = wrapper.framework; name = Foundation.framework; path = System/Library/Frameworks/Foundation.framework; sourceTree = SDKROOT; };
		E63002612B80AE7A00F522FF /* QuartzCore.framework */ = {isa = PBXFileReference; lastKnownFileType = wrapper.framework; name = QuartzCore.framework; path = System/Library/Frameworks/QuartzCore.framework; sourceTree = SDKROOT; };
		E69A5EC92B6FA6AD00EF7A9D /* MetalViewer */ = {isa = PBXFileReference; explicitFileType = "compiled.mach-o.executable"; includeInIndex = 0; path = MetalViewer; sourceTree = BUILT_PRODUCTS_DIR; };
		E69A5ECC2B6FA6AD00EF7A9D /* main.cpp */ = {isa = PBXFileReference; lastKnownFileType = sourcecode.cpp.cpp; path = main.cpp; sourceTree = "<group>"; };
		E69A5ED42B6FA98000EF7A9D /* MetalKit.framework */ = {isa = PBXFileReference; lastKnownFileType = wrapper.framework; name = MetalKit.framework; path = System/Library/Frameworks/MetalKit.framework; sourceTree = SDKROOT; };
		E69A5ED62B6FA98500EF7A9D /* AppKit.framework */ = {isa = PBXFileReference; lastKnownFileType = wrapper.framework; name = AppKit.framework; path = System/Library/Frameworks/AppKit.framework; sourceTree = SDKROOT; };
		E69A5ED82B6FA99100EF7A9D /* Metal.framework */ = {isa = PBXFileReference; lastKnownFileType = wrapper.framework; name = Metal.framework; path = System/Library/Frameworks/Metal.framework; sourceTree = SDKROOT; };
		E69A5EDF2B6FB32A00EF7A9D /* view_delegate.cpp */ = {isa = PBXFileReference; lastKnownFileType = sourcecode.cpp.cpp; path = view_delegate.cpp; sourceTree = "<group>"; };
		E69A5EE02B6FB32A00EF7A9D /* view_delegate.hpp */ = {isa = PBXFileReference; lastKnownFileType = sourcecode.cpp.h; path = view_delegate.hpp; sourceTree = "<group>"; };
		E69A5EE52B6FB38500EF7A9D /* renderer.cpp */ = {isa = PBXFileReference; lastKnownFileType = sourcecode.cpp.cpp; path = renderer.cpp; sourceTree = "<group>"; };
		E69A5EE62B6FB38500EF7A9D /* renderer.hpp */ = {isa = PBXFileReference; lastKnownFileType = sourcecode.cpp.h; path = renderer.hpp; sourceTree = "<group>"; };
		E69A5EE82B6FB3BF00EF7A9D /* config.h */ = {isa = PBXFileReference; lastKnownFileType = sourcecode.c.h; path = config.h; sourceTree = "<group>"; };
/* End PBXFileReference section */

/* Begin PBXFrameworksBuildPhase section */
		E69A5EC62B6FA6AD00EF7A9D /* Frameworks */ = {
			isa = PBXFrameworksBuildPhase;
			buildActionMask = 2147483647;
			files = (
				E69A5ED92B6FA99100EF7A9D /* Metal.framework in Frameworks */,
				E69A5ED72B6FA98500EF7A9D /* AppKit.framework in Frameworks */,
				E69A5ED52B6FA98000EF7A9D /* MetalKit.framework in Frameworks */,
			);
			runOnlyForDeploymentPostprocessing = 0;
		};
/* End PBXFrameworksBuildPhase section */

/* Begin PBXGroup section */
		E69A5EC02B6FA6AD00EF7A9D = {
			isa = PBXGroup;
			children = (
				E69A5ECB2B6FA6AD00EF7A9D /* MetalViewer */,
				E69A5ECA2B6FA6AD00EF7A9D /* Products */,
				E69A5ED32B6FA98000EF7A9D /* Frameworks */,
			);
			sourceTree = "<group>";
		};
		E69A5ECA2B6FA6AD00EF7A9D /* Products */ = {
			isa = PBXGroup;
			children = (
				E69A5EC92B6FA6AD00EF7A9D /* MetalViewer */,
			);
			name = Products;
			sourceTree = "<group>";
		};
		E69A5ECB2B6FA6AD00EF7A9D /* MetalViewer */ = {
			isa = PBXGroup;
			children = (
				E69A5EDB2B6FB28300EF7A9D /* view */,
				E69A5EDA2B6FB27300EF7A9D /* control */,
				E69A5ECC2B6FA6AD00EF7A9D /* main.cpp */,
				E69A5EE82B6FB3BF00EF7A9D /* config.h */,
			);
			path = MetalViewer;
			sourceTree = "<group>";
		};
		E69A5ED32B6FA98000EF7A9D /* Frameworks */ = {
			isa = PBXGroup;
			children = (
				E63002612B80AE7A00F522FF /* QuartzCore.framework */,
				E630025F2B80AE7200F522FF /* Foundation.framework */,
				E69A5ED82B6FA99100EF7A9D /* Metal.framework */,
				E69A5ED62B6FA98500EF7A9D /* AppKit.framework */,
				E69A5ED42B6FA98000EF7A9D /* MetalKit.framework */,
			);
			name = Frameworks;
			sourceTree = "<group>";
		};
		E69A5EDA2B6FB27300EF7A9D /* control */ = {
			isa = PBXGroup;
			children = (
				E69A5EDF2B6FB32A00EF7A9D /* view_delegate.cpp */,
				E69A5EE02B6FB32A00EF7A9D /* view_delegate.hpp */,
				E630025C2B80A41900F522FF /* app_delegate.cpp */,
				E630025D2B80A41900F522FF /* app_delegate.hpp */,
			);
			path = control;
			sourceTree = "<group>";
		};
		E69A5EDB2B6FB28300EF7A9D /* view */ = {
			isa = PBXGroup;
			children = (
				E69A5EE52B6FB38500EF7A9D /* renderer.cpp */,
				E69A5EE62B6FB38500EF7A9D /* renderer.hpp */,
			);
			path = view;
			sourceTree = "<group>";
		};
/* End PBXGroup section */

/* Begin PBXNativeTarget section */
		E69A5EC82B6FA6AD00EF7A9D /* MetalViewer */ = {
			isa = PBXNativeTarget;
			buildConfigurationList = E69A5ED02B6FA6AD00EF7A9D /* Build configuration list for PBXNativeTarget "MetalViewer" */;
			buildPhases = (
				E69A5EC52B6FA6AD00EF7A9D /* Sources */,
				E69A5EC62B6FA6AD00EF7A9D /* Frameworks */,
				E69A5EC72B6FA6AD00EF7A9D /* CopyFiles */,
			);
			buildRules = (
			);
			dependencies = (
			);
			name = MetalViewer;
			productName = MetalViewer;
			productReference = E69A5EC92B6FA6AD00EF7A9D /* MetalViewer */;
			productType = "com.apple.product-type.tool";
		};
/* End PBXNativeTarget section */

/* Begin PBXProject section */
		E69A5EC12B6FA6AD00EF7A9D /* Project object */ = {
			isa = PBXProject;
			attributes = {
				BuildIndependentTargetsInParallel = 1;
				LastUpgradeCheck = 1520;
				TargetAttributes = {
					E69A5EC82B6FA6AD00EF7A9D = {
						CreatedOnToolsVersion = 15.2;
					};
				};
			};
			buildConfigurationList = E69A5EC42B6FA6AD00EF7A9D /* Build configuration list for PBXProject "MetalViewer" */;
			compatibilityVersion = "Xcode 14.0";
			developmentRegion = en;
			hasScannedForEncodings = 0;
			knownRegions = (
				en,
				Base,
			);
			mainGroup = E69A5EC02B6FA6AD00EF7A9D;
			productRefGroup = E69A5ECA2B6FA6AD00EF7A9D /* Products */;
			projectDirPath = "";
			projectRoot = "";
			targets = (
				E69A5EC82B6FA6AD00EF7A9D /* MetalViewer */,
			);
		};
/* End PBXProject section */

/* Begin PBXSourcesBuildPhase section */
		E69A5EC52B6FA6AD00EF7A9D /* Sources */ = {
			isa = PBXSourcesBuildPhase;
			buildActionMask = 2147483647;
			files = (
				E630025E2B80A41900F522FF /* app_delegate.cpp in Sources */,
				E69A5EE12B6FB32A00EF7A9D /* view_delegate.cpp in Sources */,
				E69A5EE72B6FB38500EF7A9D /* renderer.cpp in Sources */,
				E69A5ECD2B6FA6AD00EF7A9D /* main.cpp in Sources */,
			);
			runOnlyForDeploymentPostprocessing = 0;
		};
/* End PBXSourcesBuildPhase section */

/* Begin XCBuildConfiguration section */
		E69A5ECE2B6FA6AD00EF7A9D /* Debug */ = {
			isa = XCBuildConfiguration;
			buildSettings = {
				ALWAYS_SEARCH_USER_PATHS = NO;
				ASSETCATALOG_COMPILER_GENERATE_SWIFT_ASSET_SYMBOL_EXTENSIONS = YES;
				CLANG_ANALYZER_NONNULL = YES;
				CLANG_ANALYZER_NUMBER_OBJECT_CONVERSION = YES_AGGRESSIVE;
				CLANG_CXX_LANGUAGE_STANDARD = "gnu++20";
				CLANG_ENABLE_MODULES = YES;
				CLANG_ENABLE_OBJC_ARC = YES;
				CLANG_ENABLE_OBJC_WEAK = YES;
				CLANG_WARN_BLOCK_CAPTURE_AUTORELEASING = YES;
				CLANG_WARN_BOOL_CONVERSION = YES;
				CLANG_WARN_COMMA = YES;
				CLANG_WARN_CONSTANT_CONVERSION = YES;
				CLANG_WARN_DEPRECATED_OBJC_IMPLEMENTATIONS = YES;
				CLANG_WARN_DIRECT_OBJC_ISA_USAGE = YES_ERROR;
				CLANG_WARN_DOCUMENTATION_COMMENTS = YES;
				CLANG_WARN_EMPTY_BODY = YES;
				CLANG_WARN_ENUM_CONVERSION = YES;
				CLANG_WARN_INFINITE_RECURSION = YES;
				CLANG_WARN_INT_CONVERSION = YES;
				CLANG_WARN_NON_LITERAL_NULL_CONVERSION = YES;
				CLANG_WARN_OBJC_IMPLICIT_RETAIN_SELF = YES;
				CLANG_WARN_OBJC_LITERAL_CONVERSION = YES;
				CLANG_WARN_OBJC_ROOT_CLASS = YES_ERROR;
				CLANG_WARN_QUOTED_INCLUDE_IN_FRAMEWORK_HEADER = YES;
				CLANG_WARN_RANGE_LOOP_ANALYSIS = YES;
				CLANG_WARN_STRICT_PROTOTYPES = YES;
				CLANG_WARN_SUSPICIOUS_MOVE = YES;
				CLANG_WARN_UNGUARDED_AVAILABILITY = YES_AGGRESSIVE;
				CLANG_WARN_UNREACHABLE_CODE = YES;
				CLANG_WARN__DUPLICATE_METHOD_MATCH = YES;
				COPY_PHASE_STRIP = NO;
				DEBUG_INFORMATION_FORMAT = dwarf;
				ENABLE_STRICT_OBJC_MSGSEND = YES;
				ENABLE_TESTABILITY = YES;
				ENABLE_USER_SCRIPT_SANDBOXING = YES;
				GCC_C_LANGUAGE_STANDARD = gnu17;
				GCC_DYNAMIC_NO_PIC = NO;
				GCC_NO_COMMON_BLOCKS = YES;
				GCC_OPTIMIZATION_LEVEL = 0;
				GCC_PREPROCESSOR_DEFINITIONS = (
					"DEBUG=1",
					"$(inherited)",
				);
				GCC_WARN_64_TO_32_BIT_CONVERSION = YES;
				GCC_WARN_ABOUT_RETURN_TYPE = YES_ERROR;
				GCC_WARN_UNDECLARED_SELECTOR = YES;
				GCC_WARN_UNINITIALIZED_AUTOS = YES_AGGRESSIVE;
				GCC_WARN_UNUSED_FUNCTION = YES;
				GCC_WARN_UNUSED_VARIABLE = YES;
				LOCALIZATION_PREFERS_STRING_CATALOGS = YES;
				MACOSX_DEPLOYMENT_TARGET = 14.2;
				MTL_ENABLE_DEBUG_INFO = INCLUDE_SOURCE;
				MTL_FAST_MATH = YES;
				ONLY_ACTIVE_ARCH = YES;
				SDKROOT = macosx;
			};
			name = Debug;
		};
		E69A5ECF2B6FA6AD00EF7A9D /* Release */ = {
			isa = XCBuildConfiguration;
			buildSettings = {
				ALWAYS_SEARCH_USER_PATHS = NO;
				ASSETCATALOG_COMPILER_GENERATE_SWIFT_ASSET_SYMBOL_EXTENSIONS = YES;
				CLANG_ANALYZER_NONNULL = YES;
				CLANG_ANALYZER_NUMBER_OBJECT_CONVERSION = YES_AGGRESSIVE;
				CLANG_CXX_LANGUAGE_STANDARD = "gnu++20";
				CLANG_ENABLE_MODULES = YES;
				CLANG_ENABLE_OBJC_ARC = YES;
				CLANG_ENABLE_OBJC_WEAK = YES;
				CLANG_WARN_BLOCK_CAPTURE_AUTORELEASING = YES;
				CLANG_WARN_BOOL_CONVERSION = YES;
				CLANG_WARN_COMMA = YES;
				CLANG_WARN_CONSTANT_CONVERSION = YES;
				CLANG_WARN_DEPRECATED_OBJC_IMPLEMENTATIONS = YES;
				CLANG_WARN_DIRECT_OBJC_ISA_USAGE = YES_ERROR;
				CLANG_WARN_DOCUMENTATION_COMMENTS = YES;
				CLANG_WARN_EMPTY_BODY = YES;
				CLANG_WARN_ENUM_CONVERSION = YES;
				CLANG_WARN_INFINITE_RECURSION = YES;
				CLANG_WARN_INT_CONVERSION = YES;
				CLANG_WARN_NON_LITERAL_NULL_CONVERSION = YES;
				CLANG_WARN_OBJC_IMPLICIT_RETAIN_SELF = YES;
				CLANG_WARN_OBJC_LITERAL_CONVERSION = YES;
				CLANG_WARN_OBJC_ROOT_CLASS = YES_ERROR;
				CLANG_WARN_QUOTED_INCLUDE_IN_FRAMEWORK_HEADER = YES;
				CLANG_WARN_RANGE_LOOP_ANALYSIS = YES;
				CLANG_WARN_STRICT_PROTOTYPES = YES;
				CLANG_WARN_SUSPICIOUS_MOVE = YES;
				CLANG_WARN_UNGUARDED_AVAILABILITY = YES_AGGRESSIVE;
				CLANG_WARN_UNREACHABLE_CODE = YES;
				CLANG_WARN__DUPLICATE_METHOD_MATCH = YES;
				COPY_PHASE_STRIP = NO;
				DEBUG_INFORMATION_FORMAT = "dwarf-with-dsym";
				ENABLE_NS_ASSERTIONS = NO;
				ENABLE_STRICT_OBJC_MSGSEND = YES;
				ENABLE_USER_SCRIPT_SANDBOXING = YES;
				GCC_C_LANGUAGE_STANDARD = gnu17;
				GCC_NO_COMMON_BLOCKS = YES;
				GCC_WARN_64_TO_32_BIT_CONVERSION = YES;
				GCC_WARN_ABOUT_RETURN_TYPE = YES_ERROR;
				GCC_WARN_UNDECLARED_SELECTOR = YES;
				GCC_WARN_UNINITIALIZED_AUTOS = YES_AGGRESSIVE;
				GCC_WARN_UNUSED_FUNCTION = YES;
				GCC_WARN_UNUSED_VARIABLE = YES;
				LOCALIZATION_PREFERS_STRING_CATALOGS = YES;
				MACOSX_DEPLOYMENT_TARGET = 14.2;
				MTL_ENABLE_DEBUG_INFO = NO;
				MTL_FAST_MATH = YES;
				SDKROOT = macosx;
			};
			name = Release;
		};
		E69A5ED12B6FA6AD00EF7A9D /* Debug */ = {
			isa = XCBuildConfiguration;
			buildSettings = {
				CLANG_CXX_LANGUAGE_STANDARD = "gnu++20";
				CODE_SIGN_STYLE = Automatic;
				DEVELOPMENT_TEAM = 654U476RC4;
				ENABLE_HARDENED_RUNTIME = YES;
				"HEADER_SEARCH_PATHS[arch=*]" = "$(PROJECT_DIR)/metal-cpp";
				PRODUCT_NAME = "$(TARGET_NAME)";
			};
			name = Debug;
		};
		E69A5ED22B6FA6AD00EF7A9D /* Release */ = {
			isa = XCBuildConfiguration;
			buildSettings = {
				CLANG_CXX_LANGUAGE_STANDARD = "gnu++20";
				CODE_SIGN_STYLE = Automatic;
				DEVELOPMENT_TEAM = 654U476RC4;
				ENABLE_HARDENED_RUNTIME = YES;
				"HEADER_SEARCH_PATHS[arch=*]" = "$(PROJECT_DIR)/metal-cpp";
				PRODUCT_NAME = "$(TARGET_NAME)";
			};
			name = Release;
		};
/* End XCBuildConfiguration section */

/* Begin XCConfigurationList section */
		E69A5EC42B6FA6AD00EF7A9D /* Build configuration list for PBXProject "MetalViewer" */ = {
			isa = XCConfigurationList;
			buildConfigurations = (
				E69A5ECE2B6FA6AD00EF7A9D /* Debug */,
				E69A5ECF2B6FA6AD00EF7A9D /* Release */,
			);
			defaultConfigurationIsVisible = 0;
			defaultConfigurationName = Release;
		};
		E69A5ED02B6FA6AD00EF7A9D /* Build configuration list for PBXNativeTarget "MetalViewer" */ = {
			isa = XCConfigurationList;
			buildConfigurations = (
				E69A5ED12B6FA6AD00EF7A9D /* Debug */,
				E69A5ED22B6FA6AD00EF7A9D /* Release */,
			);
			defaultConfigurationIsVisible = 0;
			defaultConfigurationName = Release;
		};
/* End XCConfigurationList section */
	};
	rootObject = E69A5EC12B6FA6AD00EF7A9D /* Project object */;
}
